
Microsoft Visual Studio Solution File, Format Version 12.00
# Visual Studio 15
VisualStudioVersion = 15.0.28307.572
MinimumVisualStudioVersion = 10.0.40219.1
Project("{888888A0-9F3D-457C-B088-3A5042F75D52}") = "Automated Machine Learning", "Automated Machine Learning\Automated Machine Learning.pyproj", "{455ADF92-765F-4980-8551-B5CCC27736EB}"
EndProject
Global
	GlobalSection(SolutionConfigurationPlatforms) = preSolution
		Debug|Any CPU = Debug|Any CPU
		Release|Any CPU = Release|Any CPU
	EndGlobalSection
	GlobalSection(ProjectConfigurationPlatforms) = postSolution
		{455ADF92-765F-4980-8551-B5CCC27736EB}.Debug|Any CPU.ActiveCfg = Debug|Any CPU
		{455ADF92-765F-4980-8551-B5CCC27736EB}.Release|Any CPU.ActiveCfg = Release|Any CPU
	EndGlobalSection
	GlobalSection(SolutionProperties) = preSolution
		HideSolutionNode = FALSE
	EndGlobalSection
	GlobalSection(ExtensibilityGlobals) = postSolution
		SolutionGuid = {990F563D-5BC4-4C2A-951F-823CAE905CC5}
	EndGlobalSection
EndGlobal
